
Microsoft Visual Studio Solution File, Format Version 12.00
# Visual Studio Version 16
VisualStudioVersion = 16.0.30114.105
MinimumVisualStudioVersion = 10.0.40219.1
Project("{FAE04EC0-301F-11D3-BF4B-00C04F79EFBC}") = "PokeUI", "PokeUI\PokeUI.csproj", "{BE37BE55-A89A-4ED2-8C61-BE2C738A7960}"
EndProject
Project("{FAE04EC0-301F-11D3-BF4B-00C04F79EFBC}") = "PokeModel", "PokeModel\PokeModel.csproj", "{5ADE2C74-07DE-44F3-B694-E75C88716E7E}"
EndProject
Global
	GlobalSection(SolutionConfigurationPlatforms) = preSolution
		Debug|Any CPU = Debug|Any CPU
		Release|Any CPU = Release|Any CPU
	EndGlobalSection
	GlobalSection(SolutionProperties) = preSolution
		HideSolutionNode = FALSE
	EndGlobalSection
	GlobalSection(ProjectConfigurationPlatforms) = postSolution
		{BE37BE55-A89A-4ED2-8C61-BE2C738A7960}.Debug|Any CPU.ActiveCfg = Debug|Any CPU
		{BE37BE55-A89A-4ED2-8C61-BE2C738A7960}.Debug|Any CPU.Build.0 = Debug|Any CPU
		{BE37BE55-A89A-4ED2-8C61-BE2C738A7960}.Release|Any CPU.ActiveCfg = Release|Any CPU
		{BE37BE55-A89A-4ED2-8C61-BE2C738A7960}.Release|Any CPU.Build.0 = Release|Any CPU
		{5ADE2C74-07DE-44F3-B694-E75C88716E7E}.Debug|Any CPU.ActiveCfg = Debug|Any CPU
		{5ADE2C74-07DE-44F3-B694-E75C88716E7E}.Debug|Any CPU.Build.0 = Debug|Any CPU
		{5ADE2C74-07DE-44F3-B694-E75C88716E7E}.Release|Any CPU.ActiveCfg = Release|Any CPU
		{5ADE2C74-07DE-44F3-B694-E75C88716E7E}.Release|Any CPU.Build.0 = Release|Any CPU
	EndGlobalSection
EndGlobal
